# Generated by pub
# See https://dart.dev/tools/pub/glossary#lockfile
packages:
  archive:
    dependency: transitive
    description:
      name: archive
      sha256: d6347d54a2d8028e0437e3c099f66fdb8ae02c4720c1e7534c9f24c10351f85d
      url: "https://pub.dev"
    source: hosted
    version: "3.3.6"
  args:
    dependency: transitive
    description:
      name: args
      sha256: b003c3098049a51720352d219b0bb5f219b60fbfb68e7a4748139a06a5676515
      url: "https://pub.dev"
    source: hosted
    version: "2.3.1"
  async:
    dependency: transitive
    description:
      name: async
      sha256: bfe67ef28df125b7dddcea62755991f807aa39a2492a23e1550161692950bbe0
      url: "https://pub.dev"
    source: hosted
    version: "2.10.0"
  boolean_selector:
    dependency: transitive
    description:
      name: boolean_selector
      sha256: "6cfb5af12253eaf2b368f07bacc5a80d1301a071c73360d746b7f2e32d762c66"
      url: "https://pub.dev"
    source: hosted
    version: "2.1.1"
  camera:
    dependency: "direct main"
    description:
      name: camera
      sha256: "2bdb42a305d08ef3b0993310af5bdbcb6677eec0480f267175ef87ddbc026521"
      url: "https://pub.dev"
    source: hosted
    version: "0.10.0+1"
  camera_android:
    dependency: transitive
    description:
      name: camera_android
      sha256: "4e8ca7b3b424671bf2333bdf5990f1bd2764f47ea9165a95a3948c51931c57f2"
      url: "https://pub.dev"
    source: hosted
    version: "0.10.0+2"
  camera_avfoundation:
    dependency: transitive
    description:
      name: camera_avfoundation
      sha256: e4c955160ba77a2ac1296f500dbc322bbc359f3886dd851d56adc62efdac3b62
      url: "https://pub.dev"
    source: hosted
    version: "0.9.8+5"
  camera_platform_interface:
    dependency: transitive
    description:
      name: camera_platform_interface
      sha256: "33ef011afebe1e55e07330435c74174a7f66ddb1049158557993518b91e1494a"
      url: "https://pub.dev"
    source: hosted
    version: "2.2.0"
  camera_web:
    dependency: transitive
    description:
      name: camera_web
      sha256: "38bb526e3988544344c405b1ace64d2f684ed0d0a315827fd67fa83374c98387"
      url: "https://pub.dev"
    source: hosted
    version: "0.3.0"
  characters:
    dependency: transitive
    description:
      name: characters
      sha256: e6a326c8af69605aec75ed6c187d06b349707a27fbff8222ca9cc2cff167975c
      url: "https://pub.dev"
    source: hosted
    version: "1.2.1"
  charcode:
    dependency: transitive
    description:
      name: charcode
      sha256: fb98c0f6d12c920a02ee2d998da788bca066ca5f148492b7085ee23372b12306
      url: "https://pub.dev"
    source: hosted
    version: "1.3.1"
  checked_yaml:
    dependency: transitive
    description:
      name: checked_yaml
      sha256: dd007e4fb8270916820a0d66e24f619266b60773cddd082c6439341645af2659
      url: "https://pub.dev"
    source: hosted
    version: "2.0.1"
  cli_util:
    dependency: transitive
    description:
      name: cli_util
      sha256: "66f86e916d285c1a93d3b79587d94bd71984a66aac4ff74e524cfa7877f1395c"
      url: "https://pub.dev"
    source: hosted
    version: "0.3.5"
  clock:
    dependency: transitive
    description:
      name: clock
      sha256: cb6d7f03e1de671e34607e909a7213e31d7752be4fb66a86d29fe1eb14bfb5cf
      url: "https://pub.dev"
    source: hosted
    version: "1.1.1"
  cloud_firestore:
    dependency: "direct main"
    description:
      name: cloud_firestore
      sha256: c441b97dae913d45335aaf208177dc6c6b10a668496c690de603f76f0237b448
      url: "https://pub.dev"
    source: hosted
    version: "2.5.0"
  cloud_firestore_platform_interface:
    dependency: transitive
    description:
      name: cloud_firestore_platform_interface
      sha256: "0177a9ced5d8e8343d6c8ed58873d569662eca81e7a81e0f6d77ae361fb2dcf9"
      url: "https://pub.dev"
    source: hosted
    version: "5.4.0"
  cloud_firestore_web:
    dependency: transitive
    description:
      name: cloud_firestore_web
      sha256: a75d8b54186febcfb470981abffe2da5eecc4483b87ff8f828e0f4e4c061f4af
      url: "https://pub.dev"
    source: hosted
    version: "2.4.0"
  collection:
    dependency: transitive
    description:
      name: collection
      sha256: cfc915e6923fe5ce6e153b0723c753045de46de1b4d63771530504004a45fae0
      url: "https://pub.dev"
    source: hosted
    version: "1.17.0"
  convert:
    dependency: transitive
    description:
      name: convert
      sha256: "1be13198012c1d5bc042dc40ad1d7f16cbd522350984c0c1abf471d6d7e305c6"
      url: "https://pub.dev"
    source: hosted
    version: "3.1.0"
  cross_file:
    dependency: transitive
    description:
      name: cross_file
      sha256: "7632a2bcddc8cef4afde3c6f80e69b29a7060e176f01119c229fe4eb3a2a3d4f"
      url: "https://pub.dev"
    source: hosted
    version: "0.3.3+1"
  crypto:
    dependency: transitive
    description:
      name: crypto
      sha256: cf75650c66c0316274e21d7c43d3dea246273af5955bd94e8184837cd577575c
      url: "https://pub.dev"
    source: hosted
    version: "3.0.1"
  csslib:
    dependency: transitive
    description:
      name: csslib
      sha256: b36c7f7e24c0bdf1bf9a3da461c837d1de64b9f8beb190c9011d8c72a3dfd745
      url: "https://pub.dev"
    source: hosted
    version: "0.17.2"
  cupertino_icons:
    dependency: "direct main"
    description:
      name: cupertino_icons
      sha256: "486b7bc707424572cdf7bd7e812a0c146de3fd47ecadf070254cc60383f21dd8"
      url: "https://pub.dev"
    source: hosted
    version: "1.0.3"
  equatable:
    dependency: transitive
    description:
      name: equatable
      sha256: c2b87cb7756efdf69892005af546c56c0b5037f54d2a88269b4f347a505e3ca2
      url: "https://pub.dev"
    source: hosted
    version: "2.0.5"
  fake_async:
    dependency: transitive
    description:
      name: fake_async
      sha256: "511392330127add0b769b75a987850d136345d9227c6b94c96a04cf4a391bf78"
      url: "https://pub.dev"
    source: hosted
    version: "1.3.1"
  ffi:
    dependency: transitive
    description:
      name: ffi
      sha256: "35d0f481d939de0d640b3db9a7aa36a52cd22054a798a73b4f50bdad5ce12678"
      url: "https://pub.dev"
    source: hosted
    version: "1.1.2"
  file:
    dependency: "direct main"
    description:
      name: file
      sha256: "1b92bec4fc2a72f59a8e15af5f52cd441e4a7860b49499d69dfa817af20e925d"
      url: "https://pub.dev"
    source: hosted
    version: "6.1.4"
  firebase_auth:
    dependency: "direct main"
    description:
      name: firebase_auth
      sha256: ca3034d35d6ca894487ec80aa1162a135fef7c5d0abef8154789cbeea3a6deaf
      url: "https://pub.dev"
    source: hosted
    version: "3.11.2"
  firebase_auth_platform_interface:
    dependency: transitive
    description:
      name: firebase_auth_platform_interface
      sha256: "1a13abdc5b0bfd9cd02c15332842ef03f728e5e393ab673d2fa87b05a9b67df0"
      url: "https://pub.dev"
    source: hosted
    version: "6.10.0"
  firebase_auth_web:
    dependency: transitive
    description:
      name: firebase_auth_web
      sha256: bbe4f4fffcc378ca05c3d8ff33853be86dd27d0fafc85a953acaf5190531b6f9
      url: "https://pub.dev"
    source: hosted
    version: "4.6.1"
  firebase_core:
    dependency: "direct main"
    description:
      name: firebase_core
      sha256: "4f1d7c13a909e82ff026679c9b8493cdeb35a9c76bc46c42bf9e2240c9e57e80"
      url: "https://pub.dev"
    source: hosted
    version: "1.24.0"
  firebase_core_platform_interface:
    dependency: transitive
    description:
      name: firebase_core_platform_interface
      sha256: b51257a8b4388565cd66062d727d3e60067b5f5cc3390eb0ecd20b8f97741bdb
      url: "https://pub.dev"
    source: hosted
    version: "4.5.1"
  firebase_core_web:
    dependency: transitive
    description:
      name: firebase_core_web
      sha256: "839f1b48032a61962792cea1225fae030d4f27163867f181d6d2072dd40acbee"
      url: "https://pub.dev"
    source: hosted
    version: "1.7.3"
  firebase_database:
    dependency: "direct main"
    description:
      name: firebase_database
      sha256: c532416a215f7ed1b201b5bdee5f4280286586704a60e7adc30b927387b28f12
      url: "https://pub.dev"
    source: hosted
    version: "9.1.5"
  firebase_database_platform_interface:
    dependency: transitive
    description:
      name: firebase_database_platform_interface
      sha256: "84cd7aae8cc4799e3a5855f0df70a85e58f3fdc3357da3e01e395f4bb65995cd"
      url: "https://pub.dev"
    source: hosted
    version: "0.2.2+5"
  firebase_database_web:
    dependency: transitive
    description:
      name: firebase_database_web
      sha256: ee551169cec5a1b3820e7f5c172485094066e0495051c5f62031b622a7dbd443
      url: "https://pub.dev"
    source: hosted
    version: "0.2.1+7"
  fl_chart:
    dependency: "direct main"
    description:
      name: fl_chart
      sha256: "749b3342ea3e95cbf61a0fec31a62606e837377b8b6d0caa7367a7ef80f38b7d"
      url: "https://pub.dev"
    source: hosted
    version: "0.55.2"
  flutter:
    dependency: "direct main"
    description: flutter
    source: sdk
    version: "0.0.0"
  flutter_inappwebview:
    dependency: transitive
    description:
      name: flutter_inappwebview
      sha256: "1c1bfdde3d06c7177b65af20dbe66219f278abebf6e7d90b54440e21c0aac631"
      url: "https://pub.dev"
    source: hosted
    version: "5.6.0+2"
  flutter_launcher_icons:
    dependency: "direct dev"
    description:
      name: flutter_launcher_icons
      sha256: ce0e501cfc258907842238e4ca605e74b7fd1cdf04b3b43e86c43f3e40a1592c
      url: "https://pub.dev"
    source: hosted
    version: "0.11.0"
  flutter_native_splash:
    dependency: "direct dev"
    description:
      name: flutter_native_splash
      sha256: "6353c0025dcc08c56a82fadf10cce48fe8fbe61bb021e0ef10d9928ec36bb53f"
      url: "https://pub.dev"
    source: hosted
    version: "1.2.3"
  flutter_plugin_android_lifecycle:
    dependency: transitive
    description:
      name: flutter_plugin_android_lifecycle
      sha256: "60fc7b78455b94e6de2333d2f95196d32cf5c22f4b0b0520a628804cb463503b"
      url: "https://pub.dev"
    source: hosted
    version: "2.0.7"
  flutter_svg:
    dependency: "direct main"
    description:
      name: flutter_svg
      sha256: "9ac1967e2f72a08af11b05b39167920f90d043cf67163d13a544a358c8f31afa"
      url: "https://pub.dev"
    source: hosted
    version: "0.22.0"
  flutter_test:
    dependency: "direct dev"
    description: flutter
    source: sdk
    version: "0.0.0"
  flutter_web_plugins:
    dependency: transitive
    description: flutter
    source: sdk
    version: "0.0.0"
  get:
    dependency: "direct main"
    description:
      name: get
      sha256: "2ba20a47c8f1f233bed775ba2dd0d3ac97b4cf32fc17731b3dfc672b06b0e92a"
      url: "https://pub.dev"
    source: hosted
    version: "4.6.5"
  google_fonts:
    dependency: "direct main"
    description:
      name: google_fonts
      sha256: c31d49dfbcef1a84592128d2d9e8767eebf5a919ac1e6f77d14dc36790ef1639
      url: "https://pub.dev"
    source: hosted
    version: "2.1.0"
  google_sign_in:
    dependency: "direct main"
    description:
      name: google_sign_in
      sha256: "063d4c074ce2b4863c57a4750e6651366efcf7ac46288dfc18d3c10967f7447a"
      url: "https://pub.dev"
    source: hosted
    version: "5.1.0"
  google_sign_in_platform_interface:
    dependency: transitive
    description:
      name: google_sign_in_platform_interface
      sha256: "6bc904a6ff8e25aa67c995112ee913363ba3cd6655be2c80a5eab556cda2f919"
      url: "https://pub.dev"
    source: hosted
    version: "2.0.1"
  google_sign_in_web:
    dependency: transitive
    description:
      name: google_sign_in_web
      sha256: "1f03380192baa90a8741e8bf50a18b985f5a7aacc6ff0a43e07ef88049b632d9"
      url: "https://pub.dev"
    source: hosted
    version: "0.10.0+3"
  html:
    dependency: transitive
    description:
      name: html
      sha256: bfef906cbd4e78ef49ae511d9074aebd1d2251482ef601a280973e8b58b51bbf
      url: "https://pub.dev"
    source: hosted
    version: "0.15.0"
  http:
    dependency: transitive
    description:
      name: http
      sha256: b6f1f143a71e1fe1b34670f1acd6f13960ade2557c96b87e127e0cf661969791
      url: "https://pub.dev"
    source: hosted
    version: "0.13.3"
  http_parser:
    dependency: transitive
    description:
      name: http_parser
      sha256: e362d639ba3bc07d5a71faebb98cde68c05bfbcfbbb444b60b6f60bb67719185
      url: "https://pub.dev"
    source: hosted
    version: "4.0.0"
  image:
    dependency: transitive
    description:
      name: image
      sha256: "02bafd3b4f399bfeb10034deba9753d93b55ce41cd0c4d3d8b355626f80e5b32"
      url: "https://pub.dev"
    source: hosted
    version: "3.1.3"
  intl:
    dependency: transitive
    description:
      name: intl
      sha256: "910f85bce16fb5c6f614e117efa303e85a1731bb0081edf3604a2ae6e9a3cc91"
      url: "https://pub.dev"
    source: hosted
    version: "0.17.0"
  js:
    dependency: transitive
    description:
      name: js
      sha256: "5528c2f391ededb7775ec1daa69e65a2d61276f7552de2b5f7b8d34ee9fd4ab7"
      url: "https://pub.dev"
    source: hosted
    version: "0.6.5"
  json_annotation:
    dependency: transitive
    description:
      name: json_annotation
      sha256: cb314f00b2488de7bc575207e54402cd2f92363f333a7933fd1b0631af226baa
      url: "https://pub.dev"
    source: hosted
    version: "4.6.0"
  matcher:
    dependency: transitive
    description:
      name: matcher
      sha256: "16db949ceee371e9b99d22f88fa3a73c4e59fd0afed0bd25fc336eb76c198b72"
      url: "https://pub.dev"
    source: hosted
    version: "0.12.13"
  material_color_utilities:
    dependency: transitive
    description:
      name: material_color_utilities
      sha256: d92141dc6fe1dad30722f9aa826c7fbc896d021d792f80678280601aff8cf724
      url: "https://pub.dev"
    source: hosted
    version: "0.2.0"
  meta:
    dependency: transitive
    description:
      name: meta
      sha256: "6c268b42ed578a53088d834796959e4a1814b5e9e164f147f580a386e5decf42"
      url: "https://pub.dev"
    source: hosted
    version: "1.8.0"
  path:
    dependency: transitive
    description:
      name: path
      sha256: db9d4f58c908a4ba5953fcee2ae317c94889433e5024c27ce74a37f94267945b
      url: "https://pub.dev"
    source: hosted
    version: "1.8.2"
  path_drawing:
    dependency: transitive
    description:
      name: path_drawing
      sha256: b3e5edec6981a3679e57061fe045176646ac2b3e9f88770262ef1ac3673bab19
      url: "https://pub.dev"
    source: hosted
    version: "0.5.1"
  path_parsing:
    dependency: transitive
    description:
      name: path_parsing
      sha256: ee5c47c1058ad66b4a41746ec3996af9593d0858872807bcd64ac118f0700337
      url: "https://pub.dev"
    source: hosted
    version: "0.2.1"
  path_provider:
    dependency: transitive
    description:
      name: path_provider
      sha256: cfdc261c62a7273be7e051b19d27e503927a40919932f790681042a038f3605d
      url: "https://pub.dev"
    source: hosted
    version: "2.0.2"
  path_provider_linux:
    dependency: transitive
    description:
      name: path_provider_linux
      sha256: f8d4b3ba360fb5d3517b1dcbb8695d242a8ab4cf6483b46b961c2257da948c93
      url: "https://pub.dev"
    source: hosted
    version: "2.0.2"
  path_provider_macos:
    dependency: transitive
    description:
      name: path_provider_macos
      sha256: "0d1273a80d3db3ffb3d82a1e063b8d1e889fd2879fcd81f8b0f00bfa8246498e"
      url: "https://pub.dev"
    source: hosted
    version: "2.0.2"
  path_provider_platform_interface:
    dependency: transitive
    description:
      name: path_provider_platform_interface
      sha256: c2af5a8a6369992d915f8933dfc23172071001359d17896e83db8be57db8a397
      url: "https://pub.dev"
    source: hosted
    version: "2.0.1"
  path_provider_windows:
    dependency: transitive
    description:
      name: path_provider_windows
      sha256: "067e20d6d356f05a75eb9d563c2c0dcbb1889053e72dc2c53187668ac39da511"
      url: "https://pub.dev"
    source: hosted
    version: "2.0.3"
  pedantic:
    dependency: transitive
    description:
      name: pedantic
      sha256: "67fc27ed9639506c856c840ccce7594d0bdcd91bc8d53d6e52359449a1d50602"
      url: "https://pub.dev"
    source: hosted
    version: "1.11.1"
  petitparser:
    dependency: transitive
    description:
      name: petitparser
      sha256: "85e8f8b118afcccf948a9844d199e56260117400bd9b9982d87bf1d62ebc1690"
      url: "https://pub.dev"
    source: hosted
    version: "4.1.0"
  platform:
    dependency: "direct main"
    description:
      name: platform
      sha256: "4a451831508d7d6ca779f7ac6e212b4023dd5a7d08a27a63da33756410e32b76"
      url: "https://pub.dev"
    source: hosted
    version: "3.1.0"
  plugin_platform_interface:
    dependency: transitive
    description:
      name: plugin_platform_interface
      sha256: "075f927ebbab4262ace8d0b283929ac5410c0ac4e7fc123c76429564facfb757"
      url: "https://pub.dev"
    source: hosted
    version: "2.1.2"
  pointycastle:
    dependency: transitive
    description:
      name: pointycastle
      sha256: db7306cf0249f838d1a24af52b5a5887c5bf7f31d8bb4e827d071dc0939ad346
      url: "https://pub.dev"
    source: hosted
    version: "3.6.2"
  process:
    dependency: transitive
    description:
      name: process
      sha256: ca157bb5ee3a2dce23ac17bac6d5e54c9d7d1b693f560b606a84aacd2f3c54f8
      url: "https://pub.dev"
    source: hosted
    version: "4.2.3"
  quiver:
    dependency: transitive
    description:
      name: quiver
      sha256: "5e592c348a6c528fb8deb7cc7d85a7097ce65bf2349121ad004d1fc5d5905eaa"
      url: "https://pub.dev"
    source: hosted
    version: "3.0.1"
  sign_button:
    dependency: "direct main"
    description:
      name: sign_button
      sha256: "0128f6ac0c03b1ac05527d11fbcb23486160de8b5ae0cbd61a9ca14e4d06941e"
      url: "https://pub.dev"
    source: hosted
    version: "2.0.1"
  sky_engine:
    dependency: transitive
    description: flutter
    source: sdk
    version: "0.0.99"
  smooth_page_indicator:
    dependency: "direct main"
    description:
      name: smooth_page_indicator
      sha256: "49e9b6a265790454c39bd4a447a02f398c02b44b2602e7c5e3a381dc2e3b4102"
      url: "https://pub.dev"
    source: hosted
    version: "1.0.0+2"
  source_span:
    dependency: transitive
    description:
      name: source_span
      sha256: dd904f795d4b4f3b870833847c461801f6750a9fa8e61ea5ac53f9422b31f250
      url: "https://pub.dev"
    source: hosted
    version: "1.9.1"
  stack_trace:
    dependency: transitive
    description:
      name: stack_trace
      sha256: c3c7d8edb15bee7f0f74debd4b9c5f3c2ea86766fe4178eb2a18eb30a0bdaed5
      url: "https://pub.dev"
    source: hosted
    version: "1.11.0"
  stream_channel:
    dependency: transitive
    description:
      name: stream_channel
      sha256: "83615bee9045c1d322bbbd1ba209b7a749c2cbcdcb3fdd1df8eb488b3279c1c8"
      url: "https://pub.dev"
    source: hosted
    version: "2.1.1"
  stream_transform:
    dependency: transitive
    description:
      name: stream_transform
      sha256: ed464977cb26a1f41537e177e190c67223dbd9f4f683489b6ab2e5d211ec564e
      url: "https://pub.dev"
    source: hosted
    version: "2.0.0"
  string_scanner:
    dependency: transitive
    description:
      name: string_scanner
      sha256: "556692adab6cfa87322a115640c11f13cb77b3f076ddcc5d6ae3c20242bedcde"
      url: "https://pub.dev"
    source: hosted
    version: "1.2.0"
  term_glyph:
    dependency: transitive
    description:
      name: term_glyph
      sha256: a29248a84fbb7c79282b40b8c72a1209db169a2e0542bce341da992fe1bc7e84
      url: "https://pub.dev"
    source: hosted
    version: "1.2.1"
  test_api:
    dependency: transitive
    description:
      name: test_api
      sha256: ad540f65f92caa91bf21dfc8ffb8c589d6e4dc0c2267818b4cc2792857706206
      url: "https://pub.dev"
    source: hosted
    version: "0.4.16"
  typed_data:
    dependency: transitive
    description:
      name: typed_data
      sha256: "53bdf7e979cfbf3e28987552fd72f637e63f3c8724c9e56d9246942dc2fa36ee"
      url: "https://pub.dev"
    source: hosted
    version: "1.3.0"
  universal_io:
    dependency: transitive
    description:
      name: universal_io
      sha256: "79f78ddad839ee3aae3ec7c01eb4575faf0d5c860f8e5223bc9f9c17f7f03cef"
      url: "https://pub.dev"
    source: hosted
    version: "2.0.4"
  vector_math:
    dependency: transitive
    description:
      name: vector_math
      sha256: "80b3257d1492ce4d091729e3a67a60407d227c27241d6927be0130c98e741803"
      url: "https://pub.dev"
    source: hosted
    version: "2.1.4"
  video_player:
    dependency: "direct main"
    description:
      name: video_player
      sha256: "32c20460c6879140dbd2728323918e5b1982125ad6517f71a01e17cdd7fa7975"
      url: "https://pub.dev"
    source: hosted
    version: "2.4.7"
  video_player_android:
    dependency: transitive
    description:
      name: video_player_android
      sha256: d4d7313d1dc6f14d3414b98e2b268c3f34f4ac4ce4af51cf905e9a438edf0c77
      url: "https://pub.dev"
    source: hosted
    version: "2.3.9"
  video_player_avfoundation:
    dependency: transitive
    description:
      name: video_player_avfoundation
      sha256: "667fe547a819b2e29421ddd7755c874da3e55a77f0fb2309d3d5cf559343ece1"
      url: "https://pub.dev"
    source: hosted
    version: "2.3.5"
  video_player_platform_interface:
    dependency: transitive
    description:
      name: video_player_platform_interface
      sha256: "318a6d20577e1c78cf0bf40670883cc571ea860c72a4f7426d7dacce4bdd4343"
      url: "https://pub.dev"
    source: hosted
    version: "5.1.4"
  video_player_web:
    dependency: transitive
    description:
      name: video_player_web
      sha256: ed949a3df5fe88533254bbdd242c3d8eea19ecbc4e7af90da84ef087533f584b
      url: "https://pub.dev"
    source: hosted
    version: "2.0.12"
  win32:
    dependency: transitive
    description:
      name: win32
      sha256: "316d1da725ff5373be7e047eb9086e5162568d2e117c08ab12b314c25fa08e2e"
      url: "https://pub.dev"
    source: hosted
    version: "2.2.6"
  xdg_directories:
    dependency: transitive
    description:
      name: xdg_directories
      sha256: "0186b3f2d66be9a12b0295bddcf8b6f8c0b0cc2f85c6287344e2a6366bc28457"
      url: "https://pub.dev"
    source: hosted
    version: "0.2.0"
  xml:
    dependency: transitive
    description:
      name: xml
      sha256: "30498604ab00fc50286f8aaf7e077c496550b16ed2f325c14152244882314f03"
      url: "https://pub.dev"
    source: hosted
    version: "5.1.2"
  yaml:
    dependency: transitive
    description:
      name: yaml
      sha256: "23812a9b125b48d4007117254bca50abb6c712352927eece9e155207b1db2370"
      url: "https://pub.dev"
    source: hosted
    version: "3.1.1"
  youtube_player_flutter:
    dependency: "direct main"
    description:
      name: youtube_player_flutter
      sha256: d28fe8400bbb0968fdccdf2c0b999e6c8855075443799891791e18f06325c21e
      url: "https://pub.dev"
    source: hosted
    version: "8.0.0"
sdks:
  dart: ">=2.18.0 <3.0.0"
  flutter: ">=2.10.0"
